// !$*UTF8*$!
{
	archiveVersion = 1;
	classes = {
	};
	objectVersion = 56;
	objects = {

/* Begin PBXBuildFile section */
		8F90C8ADE3D0A7DE4333810A /* Pods_FortuneTellingJapanApp.framework in Frameworks */ = {isa = PBXBuildFile; fileRef = 4640BC10A02E66E43F837DE6 /* Pods_FortuneTellingJapanApp.framework */; };
		B5197D062BCE35FB00ED9670 /* AppDelegate.swift in Sources */ = {isa = PBXBuildFile; fileRef = B5197D052BCE35FB00ED9670 /* AppDelegate.swift */; };
		B5197D082BCE35FB00ED9670 /* SceneDelegate.swift in Sources */ = {isa = PBXBuildFile; fileRef = B5197D072BCE35FB00ED9670 /* SceneDelegate.swift */; };
		B5197D0A2BCE35FB00ED9670 /* ViewController.swift in Sources */ = {isa = PBXBuildFile; fileRef = B5197D092BCE35FB00ED9670 /* ViewController.swift */; };
		B5197D0D2BCE35FB00ED9670 /* Base in Resources */ = {isa = PBXBuildFile; fileRef = B5197D0C2BCE35FB00ED9670 /* Base */; };
		B5197D0F2BCE35FE00ED9670 /* Assets.xcassets in Resources */ = {isa = PBXBuildFile; fileRef = B5197D0E2BCE35FE00ED9670 /* Assets.xcassets */; };
		B5197D122BCE35FE00ED9670 /* Base in Resources */ = {isa = PBXBuildFile; fileRef = B5197D112BCE35FE00ED9670 /* Base */; };
		B5197D1A2BCE381000ED9670 /* UserInfoViewController.swift in Sources */ = {isa = PBXBuildFile; fileRef = B5197D192BCE381000ED9670 /* UserInfoViewController.swift */; };
		B5197D1C2BCF508D00ED9670 /* UserData.swift in Sources */ = {isa = PBXBuildFile; fileRef = B5197D1B2BCF508C00ED9670 /* UserData.swift */; };
		B5197D202BCF587600ED9670 /* UserAPIClient.swift in Sources */ = {isa = PBXBuildFile; fileRef = B5197D1F2BCF587600ED9670 /* UserAPIClient.swift */; };
		B5197D222BD10D9500ED9670 /* ResultViewController.swift in Sources */ = {isa = PBXBuildFile; fileRef = B5197D212BD10D9500ED9670 /* ResultViewController.swift */; };
/* End PBXBuildFile section */

/* Begin PBXFileReference section */
		4640BC10A02E66E43F837DE6 /* Pods_FortuneTellingJapanApp.framework */ = {isa = PBXFileReference; explicitFileType = wrapper.framework; includeInIndex = 0; path = Pods_FortuneTellingJapanApp.framework; sourceTree = BUILT_PRODUCTS_DIR; };
		56CB319C1C8892BC7224479E /* Pods-FortuneTellingJapanApp.debug.xcconfig */ = {isa = PBXFileReference; includeInIndex = 1; lastKnownFileType = text.xcconfig; name = "Pods-FortuneTellingJapanApp.debug.xcconfig"; path = "Target Support Files/Pods-FortuneTellingJapanApp/Pods-FortuneTellingJapanApp.debug.xcconfig"; sourceTree = "<group>"; };
		6966AE5057DBA6351748DA79 /* Pods-FortuneTellingJapanApp.release.xcconfig */ = {isa = PBXFileReference; includeInIndex = 1; lastKnownFileType = text.xcconfig; name = "Pods-FortuneTellingJapanApp.release.xcconfig"; path = "Target Support Files/Pods-FortuneTellingJapanApp/Pods-FortuneTellingJapanApp.release.xcconfig"; sourceTree = "<group>"; };
		B5197D022BCE35FB00ED9670 /* FortuneTellingJapanApp.app */ = {isa = PBXFileReference; explicitFileType = wrapper.application; includeInIndex = 0; path = FortuneTellingJapanApp.app; sourceTree = BUILT_PRODUCTS_DIR; };
		B5197D052BCE35FB00ED9670 /* AppDelegate.swift */ = {isa = PBXFileReference; lastKnownFileType = sourcecode.swift; path = AppDelegate.swift; sourceTree = "<group>"; };
		B5197D072BCE35FB00ED9670 /* SceneDelegate.swift */ = {isa = PBXFileReference; lastKnownFileType = sourcecode.swift; path = SceneDelegate.swift; sourceTree = "<group>"; };
		B5197D092BCE35FB00ED9670 /* ViewController.swift */ = {isa = PBXFileReference; lastKnownFileType = sourcecode.swift; path = ViewController.swift; sourceTree = "<group>"; };
		B5197D0C2BCE35FB00ED9670 /* Base */ = {isa = PBXFileReference; lastKnownFileType = file.storyboard; name = Base; path = Base.lproj/Main.storyboard; sourceTree = "<group>"; };
		B5197D0E2BCE35FE00ED9670 /* Assets.xcassets */ = {isa = PBXFileReference; lastKnownFileType = folder.assetcatalog; path = Assets.xcassets; sourceTree = "<group>"; };
		B5197D112BCE35FE00ED9670 /* Base */ = {isa = PBXFileReference; lastKnownFileType = file.storyboard; name = Base; path = Base.lproj/LaunchScreen.storyboard; sourceTree = "<group>"; };
		B5197D132BCE35FE00ED9670 /* Info.plist */ = {isa = PBXFileReference; lastKnownFileType = text.plist.xml; path = Info.plist; sourceTree = "<group>"; };
		B5197D192BCE381000ED9670 /* UserInfoViewController.swift */ = {isa = PBXFileReference; lastKnownFileType = sourcecode.swift; path = UserInfoViewController.swift; sourceTree = "<group>"; };
		B5197D1B2BCF508C00ED9670 /* UserData.swift */ = {isa = PBXFileReference; lastKnownFileType = sourcecode.swift; path = UserData.swift; sourceTree = "<group>"; };
		B5197D1F2BCF587600ED9670 /* UserAPIClient.swift */ = {isa = PBXFileReference; lastKnownFileType = sourcecode.swift; path = UserAPIClient.swift; sourceTree = "<group>"; };
		B5197D212BD10D9500ED9670 /* ResultViewController.swift */ = {isa = PBXFileReference; lastKnownFileType = sourcecode.swift; path = ResultViewController.swift; sourceTree = "<group>"; };
/* End PBXFileReference section */

/* Begin PBXFrameworksBuildPhase section */
		B5197CFF2BCE35FB00ED9670 /* Frameworks */ = {
			isa = PBXFrameworksBuildPhase;
			buildActionMask = 2147483647;
			files = (
				8F90C8ADE3D0A7DE4333810A /* Pods_FortuneTellingJapanApp.framework in Frameworks */,
			);
			runOnlyForDeploymentPostprocessing = 0;
		};
/* End PBXFrameworksBuildPhase section */

/* Begin PBXGroup section */
		44E0E1C9013B9F46176374DD /* Pods */ = {
			isa = PBXGroup;
			children = (
				56CB319C1C8892BC7224479E /* Pods-FortuneTellingJapanApp.debug.xcconfig */,
				6966AE5057DBA6351748DA79 /* Pods-FortuneTellingJapanApp.release.xcconfig */,
			);
			path = Pods;
			sourceTree = "<group>";
		};
		6A352C3BE38D313EF8561FF7 /* Frameworks */ = {
			isa = PBXGroup;
			children = (
				4640BC10A02E66E43F837DE6 /* Pods_FortuneTellingJapanApp.framework */,
			);
			name = Frameworks;
			sourceTree = "<group>";
		};
		B5197CF92BCE35FB00ED9670 = {
			isa = PBXGroup;
			children = (
				B5197D042BCE35FB00ED9670 /* FortuneTellingJapanApp */,
				B5197D032BCE35FB00ED9670 /* Products */,
				44E0E1C9013B9F46176374DD /* Pods */,
				6A352C3BE38D313EF8561FF7 /* Frameworks */,
			);
			sourceTree = "<group>";
		};
		B5197D032BCE35FB00ED9670 /* Products */ = {
			isa = PBXGroup;
			children = (
				B5197D022BCE35FB00ED9670 /* FortuneTellingJapanApp.app */,
			);
			name = Products;
			sourceTree = "<group>";
		};
		B5197D042BCE35FB00ED9670 /* FortuneTellingJapanApp */ = {
			isa = PBXGroup;
			children = (
				B5197D052BCE35FB00ED9670 /* AppDelegate.swift */,
				B5197D072BCE35FB00ED9670 /* SceneDelegate.swift */,
				B5197D092BCE35FB00ED9670 /* ViewController.swift */,
				B5197D192BCE381000ED9670 /* UserInfoViewController.swift */,
				B5197D1B2BCF508C00ED9670 /* UserData.swift */,
				B5197D1F2BCF587600ED9670 /* UserAPIClient.swift */,
				B5197D212BD10D9500ED9670 /* ResultViewController.swift */,
				B5197D0B2BCE35FB00ED9670 /* Main.storyboard */,
				B5197D0E2BCE35FE00ED9670 /* Assets.xcassets */,
				B5197D102BCE35FE00ED9670 /* LaunchScreen.storyboard */,
				B5197D132BCE35FE00ED9670 /* Info.plist */,
			);
			path = FortuneTellingJapanApp;
			sourceTree = "<group>";
		};
/* End PBXGroup section */

/* Begin PBXNativeTarget section */
		B5197D012BCE35FB00ED9670 /* FortuneTellingJapanApp */ = {
			isa = PBXNativeTarget;
			buildConfigurationList = B5197D162BCE35FE00ED9670 /* Build configuration list for PBXNativeTarget "FortuneTellingJapanApp" */;
			buildPhases = (
				8C98C6E274BDEFEB78C19632 /* [CP] Check Pods Manifest.lock */,
				B5197CFE2BCE35FB00ED9670 /* Sources */,
				B5197CFF2BCE35FB00ED9670 /* Frameworks */,
				B5197D002BCE35FB00ED9670 /* Resources */,
				7E4F6EB4036C3784E341628D /* [CP] Embed Pods Frameworks */,
			);
			buildRules = (
			);
			dependencies = (
			);
			name = FortuneTellingJapanApp;
			productName = FortuneTellingJapanApp;
			productReference = B5197D022BCE35FB00ED9670 /* FortuneTellingJapanApp.app */;
			productType = "com.apple.product-type.application";
		};
/* End PBXNativeTarget section */

/* Begin PBXProject section */
		B5197CFA2BCE35FB00ED9670 /* Project object */ = {
			isa = PBXProject;
			attributes = {
				BuildIndependentTargetsInParallel = 1;
				LastSwiftUpdateCheck = 1530;
				LastUpgradeCheck = 1530;
				TargetAttributes = {
					B5197D012BCE35FB00ED9670 = {
						CreatedOnToolsVersion = 15.3;
					};
				};
			};
			buildConfigurationList = B5197CFD2BCE35FB00ED9670 /* Build configuration list for PBXProject "FortuneTellingJapanApp" */;
			compatibilityVersion = "Xcode 14.0";
			developmentRegion = en;
			hasScannedForEncodings = 0;
			knownRegions = (
				en,
				Base,
			);
			mainGroup = B5197CF92BCE35FB00ED9670;
			productRefGroup = B5197D032BCE35FB00ED9670 /* Products */;
			projectDirPath = "";
			projectRoot = "";
			targets = (
				B5197D012BCE35FB00ED9670 /* FortuneTellingJapanApp */,
			);
		};
/* End PBXProject section */

/* Begin PBXResourcesBuildPhase section */
		B5197D002BCE35FB00ED9670 /* Resources */ = {
			isa = PBXResourcesBuildPhase;
			buildActionMask = 2147483647;
			files = (
				B5197D0F2BCE35FE00ED9670 /* Assets.xcassets in Resources */,
				B5197D122BCE35FE00ED9670 /* Base in Resources */,
				B5197D0D2BCE35FB00ED9670 /* Base in Resources */,
			);
			runOnlyForDeploymentPostprocessing = 0;
		};
/* End PBXResourcesBuildPhase section */

/* Begin PBXShellScriptBuildPhase section */
		7E4F6EB4036C3784E341628D /* [CP] Embed Pods Frameworks */ = {
			isa = PBXShellScriptBuildPhase;
			buildActionMask = 2147483647;
			files = (
			);
			inputFileListPaths = (
				"${PODS_ROOT}/Target Support Files/Pods-FortuneTellingJapanApp/Pods-FortuneTellingJapanApp-frameworks-${CONFIGURATION}-input-files.xcfilelist",
			);
			name = "[CP] Embed Pods Frameworks";
			outputFileListPaths = (
				"${PODS_ROOT}/Target Support Files/Pods-FortuneTellingJapanApp/Pods-FortuneTellingJapanApp-frameworks-${CONFIGURATION}-output-files.xcfilelist",
			);
			runOnlyForDeploymentPostprocessing = 0;
			shellPath = /bin/sh;
			shellScript = "\"${PODS_ROOT}/Target Support Files/Pods-FortuneTellingJapanApp/Pods-FortuneTellingJapanApp-frameworks.sh\"\n";
			showEnvVarsInLog = 0;
		};
		8C98C6E274BDEFEB78C19632 /* [CP] Check Pods Manifest.lock */ = {
			isa = PBXShellScriptBuildPhase;
			buildActionMask = 2147483647;
			files = (
			);
			inputFileListPaths = (
			);
			inputPaths = (
				"${PODS_PODFILE_DIR_PATH}/Podfile.lock",
				"${PODS_ROOT}/Manifest.lock",
			);
			name = "[CP] Check Pods Manifest.lock";
			outputFileListPaths = (
			);
			outputPaths = (
				"$(DERIVED_FILE_DIR)/Pods-FortuneTellingJapanApp-checkManifestLockResult.txt",
			);
			runOnlyForDeploymentPostprocessing = 0;
			shellPath = /bin/sh;
			shellScript = "diff \"${PODS_PODFILE_DIR_PATH}/Podfile.lock\" \"${PODS_ROOT}/Manifest.lock\" > /dev/null\nif [ $? != 0 ] ; then\n    # print error to STDERR\n    echo \"error: The sandbox is not in sync with the Podfile.lock. Run 'pod install' or update your CocoaPods installation.\" >&2\n    exit 1\nfi\n# This output is used by Xcode 'outputs' to avoid re-running this script phase.\necho \"SUCCESS\" > \"${SCRIPT_OUTPUT_FILE_0}\"\n";
			showEnvVarsInLog = 0;
		};
/* End PBXShellScriptBuildPhase section */

/* Begin PBXSourcesBuildPhase section */
		B5197CFE2BCE35FB00ED9670 /* Sources */ = {
			isa = PBXSourcesBuildPhase;
			buildActionMask = 2147483647;
			files = (
				B5197D0A2BCE35FB00ED9670 /* ViewController.swift in Sources */,
				B5197D1A2BCE381000ED9670 /* UserInfoViewController.swift in Sources */,
				B5197D222BD10D9500ED9670 /* ResultViewController.swift in Sources */,
				B5197D062BCE35FB00ED9670 /* AppDelegate.swift in Sources */,
				B5197D1C2BCF508D00ED9670 /* UserData.swift in Sources */,
				B5197D202BCF587600ED9670 /* UserAPIClient.swift in Sources */,
				B5197D082BCE35FB00ED9670 /* SceneDelegate.swift in Sources */,
			);
			runOnlyForDeploymentPostprocessing = 0;
		};
/* End PBXSourcesBuildPhase section */

/* Begin PBXVariantGroup section */
		B5197D0B2BCE35FB00ED9670 /* Main.storyboard */ = {
			isa = PBXVariantGroup;
			children = (
				B5197D0C2BCE35FB00ED9670 /* Base */,
			);
			name = Main.storyboard;
			sourceTree = "<group>";
		};
		B5197D102BCE35FE00ED9670 /* LaunchScreen.storyboard */ = {
			isa = PBXVariantGroup;
			children = (
				B5197D112BCE35FE00ED9670 /* Base */,
			);
			name = LaunchScreen.storyboard;
			sourceTree = "<group>";
		};
/* End PBXVariantGroup section */

/* Begin XCBuildConfiguration section */
		B5197D142BCE35FE00ED9670 /* Debug */ = {
			isa = XCBuildConfiguration;
			buildSettings = {
				ALWAYS_SEARCH_USER_PATHS = NO;
				ASSETCATALOG_COMPILER_GENERATE_SWIFT_ASSET_SYMBOL_EXTENSIONS = YES;
				CLANG_ANALYZER_NONNULL = YES;
				CLANG_ANALYZER_NUMBER_OBJECT_CONVERSION = YES_AGGRESSIVE;
				CLANG_CXX_LANGUAGE_STANDARD = "gnu++20";
				CLANG_ENABLE_MODULES = YES;
				CLANG_ENABLE_OBJC_ARC = YES;
				CLANG_ENABLE_OBJC_WEAK = YES;
				CLANG_WARN_BLOCK_CAPTURE_AUTORELEASING = YES;
				CLANG_WARN_BOOL_CONVERSION = YES;
				CLANG_WARN_COMMA = YES;
				CLANG_WARN_CONSTANT_CONVERSION = YES;
				CLANG_WARN_DEPRECATED_OBJC_IMPLEMENTATIONS = YES;
				CLANG_WARN_DIRECT_OBJC_ISA_USAGE = YES_ERROR;
				CLANG_WARN_DOCUMENTATION_COMMENTS = YES;
				CLANG_WARN_EMPTY_BODY = YES;
				CLANG_WARN_ENUM_CONVERSION = YES;
				CLANG_WARN_INFINITE_RECURSION = YES;
				CLANG_WARN_INT_CONVERSION = YES;
				CLANG_WARN_NON_LITERAL_NULL_CONVERSION = YES;
				CLANG_WARN_OBJC_IMPLICIT_RETAIN_SELF = YES;
				CLANG_WARN_OBJC_LITERAL_CONVERSION = YES;
				CLANG_WARN_OBJC_ROOT_CLASS = YES_ERROR;
				CLANG_WARN_QUOTED_INCLUDE_IN_FRAMEWORK_HEADER = YES;
				CLANG_WARN_RANGE_LOOP_ANALYSIS = YES;
				CLANG_WARN_STRICT_PROTOTYPES = YES;
				CLANG_WARN_SUSPICIOUS_MOVE = YES;
				CLANG_WARN_UNGUARDED_AVAILABILITY = YES_AGGRESSIVE;
				CLANG_WARN_UNREACHABLE_CODE = YES;
				CLANG_WARN__DUPLICATE_METHOD_MATCH = YES;
				COPY_PHASE_STRIP = NO;
				DEBUG_INFORMATION_FORMAT = dwarf;
				ENABLE_STRICT_OBJC_MSGSEND = YES;
				ENABLE_TESTABILITY = YES;
				ENABLE_USER_SCRIPT_SANDBOXING = YES;
				GCC_C_LANGUAGE_STANDARD = gnu17;
				GCC_DYNAMIC_NO_PIC = NO;
				GCC_NO_COMMON_BLOCKS = YES;
				GCC_OPTIMIZATION_LEVEL = 0;
				GCC_PREPROCESSOR_DEFINITIONS = (
					"DEBUG=1",
					"$(inherited)",
				);
				GCC_WARN_64_TO_32_BIT_CONVERSION = YES;
				GCC_WARN_ABOUT_RETURN_TYPE = YES_ERROR;
				GCC_WARN_UNDECLARED_SELECTOR = YES;
				GCC_WARN_UNINITIALIZED_AUTOS = YES_AGGRESSIVE;
				GCC_WARN_UNUSED_FUNCTION = YES;
				GCC_WARN_UNUSED_VARIABLE = YES;
				IPHONEOS_DEPLOYMENT_TARGET = 17.4;
				LOCALIZATION_PREFERS_STRING_CATALOGS = YES;
				MTL_ENABLE_DEBUG_INFO = INCLUDE_SOURCE;
				MTL_FAST_MATH = YES;
				ONLY_ACTIVE_ARCH = YES;
				SDKROOT = iphoneos;
				SWIFT_ACTIVE_COMPILATION_CONDITIONS = "DEBUG $(inherited)";
				SWIFT_OPTIMIZATION_LEVEL = "-Onone";
			};
			name = Debug;
		};
		B5197D152BCE35FE00ED9670 /* Release */ = {
			isa = XCBuildConfiguration;
			buildSettings = {
				ALWAYS_SEARCH_USER_PATHS = NO;
				ASSETCATALOG_COMPILER_GENERATE_SWIFT_ASSET_SYMBOL_EXTENSIONS = YES;
				CLANG_ANALYZER_NONNULL = YES;
				CLANG_ANALYZER_NUMBER_OBJECT_CONVERSION = YES_AGGRESSIVE;
				CLANG_CXX_LANGUAGE_STANDARD = "gnu++20";
				CLANG_ENABLE_MODULES = YES;
				CLANG_ENABLE_OBJC_ARC = YES;
				CLANG_ENABLE_OBJC_WEAK = YES;
				CLANG_WARN_BLOCK_CAPTURE_AUTORELEASING = YES;
				CLANG_WARN_BOOL_CONVERSION = YES;
				CLANG_WARN_COMMA = YES;
				CLANG_WARN_CONSTANT_CONVERSION = YES;
				CLANG_WARN_DEPRECATED_OBJC_IMPLEMENTATIONS = YES;
				CLANG_WARN_DIRECT_OBJC_ISA_USAGE = YES_ERROR;
				CLANG_WARN_DOCUMENTATION_COMMENTS = YES;
				CLANG_WARN_EMPTY_BODY = YES;
				CLANG_WARN_ENUM_CONVERSION = YES;
				CLANG_WARN_INFINITE_RECURSION = YES;
				CLANG_WARN_INT_CONVERSION = YES;
				CLANG_WARN_NON_LITERAL_NULL_CONVERSION = YES;
				CLANG_WARN_OBJC_IMPLICIT_RETAIN_SELF = YES;
				CLANG_WARN_OBJC_LITERAL_CONVERSION = YES;
				CLANG_WARN_OBJC_ROOT_CLASS = YES_ERROR;
				CLANG_WARN_QUOTED_INCLUDE_IN_FRAMEWORK_HEADER = YES;
				CLANG_WARN_RANGE_LOOP_ANALYSIS = YES;
				CLANG_WARN_STRICT_PROTOTYPES = YES;
				CLANG_WARN_SUSPICIOUS_MOVE = YES;
				CLANG_WARN_UNGUARDED_AVAILABILITY = YES_AGGRESSIVE;
				CLANG_WARN_UNREACHABLE_CODE = YES;
				CLANG_WARN__DUPLICATE_METHOD_MATCH = YES;
				COPY_PHASE_STRIP = NO;
				DEBUG_INFORMATION_FORMAT = "dwarf-with-dsym";
				ENABLE_NS_ASSERTIONS = NO;
				ENABLE_STRICT_OBJC_MSGSEND = YES;
				ENABLE_USER_SCRIPT_SANDBOXING = YES;
				GCC_C_LANGUAGE_STANDARD = gnu17;
				GCC_NO_COMMON_BLOCKS = YES;
				GCC_WARN_64_TO_32_BIT_CONVERSION = YES;
				GCC_WARN_ABOUT_RETURN_TYPE = YES_ERROR;
				GCC_WARN_UNDECLARED_SELECTOR = YES;
				GCC_WARN_UNINITIALIZED_AUTOS = YES_AGGRESSIVE;
				GCC_WARN_UNUSED_FUNCTION = YES;
				GCC_WARN_UNUSED_VARIABLE = YES;
				IPHONEOS_DEPLOYMENT_TARGET = 17.4;
				LOCALIZATION_PREFERS_STRING_CATALOGS = YES;
				MTL_ENABLE_DEBUG_INFO = NO;
				MTL_FAST_MATH = YES;
				SDKROOT = iphoneos;
				SWIFT_COMPILATION_MODE = wholemodule;
				VALIDATE_PRODUCT = YES;
			};
			name = Release;
		};
		B5197D172BCE35FE00ED9670 /* Debug */ = {
			isa = XCBuildConfiguration;
			baseConfigurationReference = 56CB319C1C8892BC7224479E /* Pods-FortuneTellingJapanApp.debug.xcconfig */;
			buildSettings = {
				ASSETCATALOG_COMPILER_APPICON_NAME = AppIcon;
				ASSETCATALOG_COMPILER_GLOBAL_ACCENT_COLOR_NAME = AccentColor;
				CODE_SIGN_STYLE = Automatic;
				CURRENT_PROJECT_VERSION = 1;
				DEVELOPMENT_TEAM = 274CZPH4P8;
				ENABLE_USER_SCRIPT_SANDBOXING = NO;
				GENERATE_INFOPLIST_FILE = YES;
				INFOPLIST_FILE = FortuneTellingJapanApp/Info.plist;
				INFOPLIST_KEY_UIApplicationSupportsIndirectInputEvents = YES;
				INFOPLIST_KEY_UILaunchStoryboardName = LaunchScreen;
				INFOPLIST_KEY_UIMainStoryboardFile = Main;
				INFOPLIST_KEY_UISupportedInterfaceOrientations_iPad = "UIInterfaceOrientationPortrait UIInterfaceOrientationPortraitUpsideDown UIInterfaceOrientationLandscapeLeft UIInterfaceOrientationLandscapeRight";
				INFOPLIST_KEY_UISupportedInterfaceOrientations_iPhone = "UIInterfaceOrientationPortrait UIInterfaceOrientationLandscapeLeft UIInterfaceOrientationLandscapeRight";
				LD_RUNPATH_SEARCH_PATHS = (
					"$(inherited)",
					"@executable_path/Frameworks",
				);
				MARKETING_VERSION = 1.0;
				PRODUCT_BUNDLE_IDENTIFIER = com.example.FortuneTellingJapanApp;
				PRODUCT_NAME = "$(TARGET_NAME)";
				SWIFT_EMIT_LOC_STRINGS = YES;
				SWIFT_VERSION = 5.0;
				TARGETED_DEVICE_FAMILY = "1,2";
			};
			name = Debug;
		};
		B5197D182BCE35FE00ED9670 /* Release */ = {
			isa = XCBuildConfiguration;
			baseConfigurationReference = 6966AE5057DBA6351748DA79 /* Pods-FortuneTellingJapanApp.release.xcconfig */;
			buildSettings = {
				ASSETCATALOG_COMPILER_APPICON_NAME = AppIcon;
				ASSETCATALOG_COMPILER_GLOBAL_ACCENT_COLOR_NAME = AccentColor;
				CODE_SIGN_STYLE = Automatic;
				CURRENT_PROJECT_VERSION = 1;
				DEVELOPMENT_TEAM = 274CZPH4P8;
				ENABLE_USER_SCRIPT_SANDBOXING = NO;
				GENERATE_INFOPLIST_FILE = YES;
				INFOPLIST_FILE = FortuneTellingJapanApp/Info.plist;
				INFOPLIST_KEY_UIApplicationSupportsIndirectInputEvents = YES;
				INFOPLIST_KEY_UILaunchStoryboardName = LaunchScreen;
				INFOPLIST_KEY_UIMainStoryboardFile = Main;
				INFOPLIST_KEY_UISupportedInterfaceOrientations_iPad = "UIInterfaceOrientationPortrait UIInterfaceOrientationPortraitUpsideDown UIInterfaceOrientationLandscapeLeft UIInterfaceOrientationLandscapeRight";
				INFOPLIST_KEY_UISupportedInterfaceOrientations_iPhone = "UIInterfaceOrientationPortrait UIInterfaceOrientationLandscapeLeft UIInterfaceOrientationLandscapeRight";
				LD_RUNPATH_SEARCH_PATHS = (
					"$(inherited)",
					"@executable_path/Frameworks",
				);
				MARKETING_VERSION = 1.0;
				PRODUCT_BUNDLE_IDENTIFIER = com.example.FortuneTellingJapanApp;
				PRODUCT_NAME = "$(TARGET_NAME)";
				SWIFT_EMIT_LOC_STRINGS = YES;
				SWIFT_VERSION = 5.0;
				TARGETED_DEVICE_FAMILY = "1,2";
			};
			name = Release;
		};
/* End XCBuildConfiguration section */

/* Begin XCConfigurationList section */
		B5197CFD2BCE35FB00ED9670 /* Build configuration list for PBXProject "FortuneTellingJapanApp" */ = {
			isa = XCConfigurationList;
			buildConfigurations = (
				B5197D142BCE35FE00ED9670 /* Debug */,
				B5197D152BCE35FE00ED9670 /* Release */,
			);
			defaultConfigurationIsVisible = 0;
			defaultConfigurationName = Release;
		};
		B5197D162BCE35FE00ED9670 /* Build configuration list for PBXNativeTarget "FortuneTellingJapanApp" */ = {
			isa = XCConfigurationList;
			buildConfigurations = (
				B5197D172BCE35FE00ED9670 /* Debug */,
				B5197D182BCE35FE00ED9670 /* Release */,
			);
			defaultConfigurationIsVisible = 0;
			defaultConfigurationName = Release;
		};
/* End XCConfigurationList section */
	};
	rootObject = B5197CFA2BCE35FB00ED9670 /* Project object */;
}
